
Microsoft Visual Studio Solution File, Format Version 12.00
Project("{FAE04EC0-301F-11D3-BF4B-00C04F79EFBC}") = "SmartATMSimulation", "SmartATMSimulation.csproj", "{8D9BE944-2C7E-43F2-9213-D8C49236C892}"
EndProject
Global
	GlobalSection(SolutionConfigurationPlatforms) = preSolution
		Debug|Any CPU = Debug|Any CPU
		Release|Any CPU = Release|Any CPU
	EndGlobalSection
	GlobalSection(ProjectConfigurationPlatforms) = postSolution
		{8D9BE944-2C7E-43F2-9213-D8C49236C892}.Debug|Any CPU.ActiveCfg = Debug|Any CPU
		{8D9BE944-2C7E-43F2-9213-D8C49236C892}.Debug|Any CPU.Build.0 = Debug|Any CPU
		{8D9BE944-2C7E-43F2-9213-D8C49236C892}.Release|Any CPU.ActiveCfg = Release|Any CPU
		{8D9BE944-2C7E-43F2-9213-D8C49236C892}.Release|Any CPU.Build.0 = Release|Any CPU
	EndGlobalSection
EndGlobal
